
Microsoft Visual Studio Solution File, Format Version 12.00
# Visual Studio Version 16
VisualStudioVersion = 16.0.30413.136
MinimumVisualStudioVersion = 10.0.40219.1
Project("{FAE04EC0-301F-11D3-BF4B-00C04F79EFBC}") = "bootstrap test", "bootstrap test\bootstrap test.csproj", "{31511ACC-0444-4B51-91C0-CBBFA276409B}"
EndProject
Global
	GlobalSection(SolutionConfigurationPlatforms) = preSolution
		Debug|Any CPU = Debug|Any CPU
		Release|Any CPU = Release|Any CPU
	EndGlobalSection
	GlobalSection(ProjectConfigurationPlatforms) = postSolution
		{31511ACC-0444-4B51-91C0-CBBFA276409B}.Debug|Any CPU.ActiveCfg = Debug|Any CPU
		{31511ACC-0444-4B51-91C0-CBBFA276409B}.Debug|Any CPU.Build.0 = Debug|Any CPU
		{31511ACC-0444-4B51-91C0-CBBFA276409B}.Release|Any CPU.ActiveCfg = Release|Any CPU
		{31511ACC-0444-4B51-91C0-CBBFA276409B}.Release|Any CPU.Build.0 = Release|Any CPU
	EndGlobalSection
	GlobalSection(SolutionProperties) = preSolution
		HideSolutionNode = FALSE
	EndGlobalSection
	GlobalSection(ExtensibilityGlobals) = postSolution
		SolutionGuid = {CEE90B54-6E13-4062-923C-00C428B85FE4}
	EndGlobalSection
EndGlobal
